// !$*UTF8*$!
{
	archiveVersion = 1;
	classes = {
	};
	objectVersion = 56;
	objects = {

/* Begin PBXBuildFile section */
		35A9140D29C33C11009E135F /* Swift_PA_TaskManagerApp.swift in Sources */ = {isa = PBXBuildFile; fileRef = 35A9140C29C33C11009E135F /* Swift_PA_TaskManagerApp.swift */; };
		35A9140F29C33C11009E135F /* ContentView.swift in Sources */ = {isa = PBXBuildFile; fileRef = 35A9140E29C33C11009E135F /* ContentView.swift */; };
		35A9141129C33C13009E135F /* Assets.xcassets in Resources */ = {isa = PBXBuildFile; fileRef = 35A9141029C33C13009E135F /* Assets.xcassets */; };
		35A9141429C33C13009E135F /* Preview Assets.xcassets in Resources */ = {isa = PBXBuildFile; fileRef = 35A9141329C33C13009E135F /* Preview Assets.xcassets */; };
		4B7BFE812A1CA44D009CBF6F /* MyTask.swift in Sources */ = {isa = PBXBuildFile; fileRef = 4B7BFE802A1CA44D009CBF6F /* MyTask.swift */; };
		4B7BFE832A1CA900009CBF6F /* TaskRow.swift in Sources */ = {isa = PBXBuildFile; fileRef = 4B7BFE822A1CA900009CBF6F /* TaskRow.swift */; };
		4B7BFE852A1CB3E2009CBF6F /* TaskScreen.swift in Sources */ = {isa = PBXBuildFile; fileRef = 4B7BFE842A1CB3E2009CBF6F /* TaskScreen.swift */; };
		4B7BFE872A1CDF08009CBF6F /* ComplexUI.swift in Sources */ = {isa = PBXBuildFile; fileRef = 4B7BFE862A1CDF08009CBF6F /* ComplexUI.swift */; };
/* End PBXBuildFile section */

/* Begin PBXFileReference section */
		35A9140929C33C11009E135F /* Swift_PA_TaskManager.app */ = {isa = PBXFileReference; explicitFileType = wrapper.application; includeInIndex = 0; path = Swift_PA_TaskManager.app; sourceTree = BUILT_PRODUCTS_DIR; };
		35A9140C29C33C11009E135F /* Swift_PA_TaskManagerApp.swift */ = {isa = PBXFileReference; lastKnownFileType = sourcecode.swift; path = Swift_PA_TaskManagerApp.swift; sourceTree = "<group>"; };
		35A9140E29C33C11009E135F /* ContentView.swift */ = {isa = PBXFileReference; lastKnownFileType = sourcecode.swift; path = ContentView.swift; sourceTree = "<group>"; };
		35A9141029C33C13009E135F /* Assets.xcassets */ = {isa = PBXFileReference; lastKnownFileType = folder.assetcatalog; path = Assets.xcassets; sourceTree = "<group>"; };
		35A9141329C33C13009E135F /* Preview Assets.xcassets */ = {isa = PBXFileReference; lastKnownFileType = folder.assetcatalog; path = "Preview Assets.xcassets"; sourceTree = "<group>"; };
		35A9141A29C33C2A009E135F /* README.md */ = {isa = PBXFileReference; lastKnownFileType = net.daringfireball.markdown; path = README.md; sourceTree = "<group>"; };
		47525F4829C3CA5A00120A55 /* 7_Closures_and_Functions.playground */ = {isa = PBXFileReference; lastKnownFileType = file.playground; path = 7_Closures_and_Functions.playground; sourceTree = "<group>"; xcLanguageSpecificationIdentifier = xcode.lang.swift; };
		4B7BFE802A1CA44D009CBF6F /* MyTask.swift */ = {isa = PBXFileReference; lastKnownFileType = sourcecode.swift; path = MyTask.swift; sourceTree = "<group>"; };
		4B7BFE822A1CA900009CBF6F /* TaskRow.swift */ = {isa = PBXFileReference; lastKnownFileType = sourcecode.swift; path = TaskRow.swift; sourceTree = "<group>"; };
		4B7BFE842A1CB3E2009CBF6F /* TaskScreen.swift */ = {isa = PBXFileReference; lastKnownFileType = sourcecode.swift; path = TaskScreen.swift; sourceTree = "<group>"; };
		4B7BFE862A1CDF08009CBF6F /* ComplexUI.swift */ = {isa = PBXFileReference; lastKnownFileType = sourcecode.swift; path = ComplexUI.swift; sourceTree = "<group>"; };
/* End PBXFileReference section */

/* Begin PBXFrameworksBuildPhase section */
		35A9140629C33C11009E135F /* Frameworks */ = {
			isa = PBXFrameworksBuildPhase;
			buildActionMask = 2147483647;
			files = (
			);
			runOnlyForDeploymentPostprocessing = 0;
		};
/* End PBXFrameworksBuildPhase section */

/* Begin PBXGroup section */
		35A9140029C33C11009E135F = {
			isa = PBXGroup;
			children = (
				35A9140B29C33C11009E135F /* Swift_PA_TaskManager */,
				35A9140A29C33C11009E135F /* Products */,
			);
			sourceTree = "<group>";
		};
		35A9140A29C33C11009E135F /* Products */ = {
			isa = PBXGroup;
			children = (
				35A9140929C33C11009E135F /* Swift_PA_TaskManager.app */,
			);
			name = Products;
			sourceTree = "<group>";
		};
		35A9140B29C33C11009E135F /* Swift_PA_TaskManager */ = {
			isa = PBXGroup;
			children = (
				4B7BFE7F2A1CA434009CBF6F /* Model */,
				4B7BFE7C2A1CA295009CBF6F /* Views */,
				35A9140C29C33C11009E135F /* Swift_PA_TaskManagerApp.swift */,
				35A9140E29C33C11009E135F /* ContentView.swift */,
				35A9141029C33C13009E135F /* Assets.xcassets */,
				35A9141229C33C13009E135F /* Preview Content */,
				35A9141A29C33C2A009E135F /* README.md */,
				47525F4829C3CA5A00120A55 /* 7_Closures_and_Functions.playground */,
			);
			path = Swift_PA_TaskManager;
			sourceTree = "<group>";
		};
		35A9141229C33C13009E135F /* Preview Content */ = {
			isa = PBXGroup;
			children = (
				35A9141329C33C13009E135F /* Preview Assets.xcassets */,
			);
			path = "Preview Content";
			sourceTree = "<group>";
		};
		4B7BFE7C2A1CA295009CBF6F /* Views */ = {
			isa = PBXGroup;
			children = (
				4B7BFE822A1CA900009CBF6F /* TaskRow.swift */,
				4B7BFE842A1CB3E2009CBF6F /* TaskScreen.swift */,
				4B7BFE862A1CDF08009CBF6F /* ComplexUI.swift */,
			);
			path = Views;
			sourceTree = "<group>";
		};
		4B7BFE7F2A1CA434009CBF6F /* Model */ = {
			isa = PBXGroup;
			children = (
				4B7BFE802A1CA44D009CBF6F /* MyTask.swift */,
			);
			path = Model;
			sourceTree = "<group>";
		};
/* End PBXGroup section */

/* Begin PBXNativeTarget section */
		35A9140829C33C11009E135F /* Swift_PA_TaskManager */ = {
			isa = PBXNativeTarget;
			buildConfigurationList = 35A9141729C33C13009E135F /* Build configuration list for PBXNativeTarget "Swift_PA_TaskManager" */;
			buildPhases = (
				35A9140529C33C11009E135F /* Sources */,
				35A9140629C33C11009E135F /* Frameworks */,
				35A9140729C33C11009E135F /* Resources */,
			);
			buildRules = (
			);
			dependencies = (
			);
			name = Swift_PA_TaskManager;
			productName = Swift_PA_TaskManager;
			productReference = 35A9140929C33C11009E135F /* Swift_PA_TaskManager.app */;
			productType = "com.apple.product-type.application";
		};
/* End PBXNativeTarget section */

/* Begin PBXProject section */
		35A9140129C33C11009E135F /* Project object */ = {
			isa = PBXProject;
			attributes = {
				BuildIndependentTargetsInParallel = 1;
				LastSwiftUpdateCheck = 1420;
				LastUpgradeCheck = 1420;
				TargetAttributes = {
					35A9140829C33C11009E135F = {
						CreatedOnToolsVersion = 14.2;
					};
				};
			};
			buildConfigurationList = 35A9140429C33C11009E135F /* Build configuration list for PBXProject "Swift_PA_TaskManager" */;
			compatibilityVersion = "Xcode 14.0";
			developmentRegion = en;
			hasScannedForEncodings = 0;
			knownRegions = (
				en,
				Base,
			);
			mainGroup = 35A9140029C33C11009E135F;
			productRefGroup = 35A9140A29C33C11009E135F /* Products */;
			projectDirPath = "";
			projectRoot = "";
			targets = (
				35A9140829C33C11009E135F /* Swift_PA_TaskManager */,
			);
		};
/* End PBXProject section */

/* Begin PBXResourcesBuildPhase section */
		35A9140729C33C11009E135F /* Resources */ = {
			isa = PBXResourcesBuildPhase;
			buildActionMask = 2147483647;
			files = (
				35A9141429C33C13009E135F /* Preview Assets.xcassets in Resources */,
				35A9141129C33C13009E135F /* Assets.xcassets in Resources */,
			);
			runOnlyForDeploymentPostprocessing = 0;
		};
/* End PBXResourcesBuildPhase section */

/* Begin PBXSourcesBuildPhase section */
		35A9140529C33C11009E135F /* Sources */ = {
			isa = PBXSourcesBuildPhase;
			buildActionMask = 2147483647;
			files = (
				4B7BFE852A1CB3E2009CBF6F /* TaskScreen.swift in Sources */,
				35A9140F29C33C11009E135F /* ContentView.swift in Sources */,
				4B7BFE872A1CDF08009CBF6F /* ComplexUI.swift in Sources */,
				4B7BFE812A1CA44D009CBF6F /* MyTask.swift in Sources */,
				4B7BFE832A1CA900009CBF6F /* TaskRow.swift in Sources */,
				35A9140D29C33C11009E135F /* Swift_PA_TaskManagerApp.swift in Sources */,
			);
			runOnlyForDeploymentPostprocessing = 0;
		};
/* End PBXSourcesBuildPhase section */

/* Begin XCBuildConfiguration section */
		35A9141529C33C13009E135F /* Debug */ = {
			isa = XCBuildConfiguration;
			buildSettings = {
				ALWAYS_SEARCH_USER_PATHS = NO;
				CLANG_ANALYZER_NONNULL = YES;
				CLANG_ANALYZER_NUMBER_OBJECT_CONVERSION = YES_AGGRESSIVE;
				CLANG_CXX_LANGUAGE_STANDARD = "gnu++20";
				CLANG_ENABLE_MODULES = YES;
				CLANG_ENABLE_OBJC_ARC = YES;
				CLANG_ENABLE_OBJC_WEAK = YES;
				CLANG_WARN_BLOCK_CAPTURE_AUTORELEASING = YES;
				CLANG_WARN_BOOL_CONVERSION = YES;
				CLANG_WARN_COMMA = YES;
				CLANG_WARN_CONSTANT_CONVERSION = YES;
				CLANG_WARN_DEPRECATED_OBJC_IMPLEMENTATIONS = YES;
				CLANG_WARN_DIRECT_OBJC_ISA_USAGE = YES_ERROR;
				CLANG_WARN_DOCUMENTATION_COMMENTS = YES;
				CLANG_WARN_EMPTY_BODY = YES;
				CLANG_WARN_ENUM_CONVERSION = YES;
				CLANG_WARN_INFINITE_RECURSION = YES;
				CLANG_WARN_INT_CONVERSION = YES;
				CLANG_WARN_NON_LITERAL_NULL_CONVERSION = YES;
				CLANG_WARN_OBJC_IMPLICIT_RETAIN_SELF = YES;
				CLANG_WARN_OBJC_LITERAL_CONVERSION = YES;
				CLANG_WARN_OBJC_ROOT_CLASS = YES_ERROR;
				CLANG_WARN_QUOTED_INCLUDE_IN_FRAMEWORK_HEADER = YES;
				CLANG_WARN_RANGE_LOOP_ANALYSIS = YES;
				CLANG_WARN_STRICT_PROTOTYPES = YES;
				CLANG_WARN_SUSPICIOUS_MOVE = YES;
				CLANG_WARN_UNGUARDED_AVAILABILITY = YES_AGGRESSIVE;
				CLANG_WARN_UNREACHABLE_CODE = YES;
				CLANG_WARN__DUPLICATE_METHOD_MATCH = YES;
				COPY_PHASE_STRIP = NO;
				DEBUG_INFORMATION_FORMAT = dwarf;
				ENABLE_STRICT_OBJC_MSGSEND = YES;
				ENABLE_TESTABILITY = YES;
				GCC_C_LANGUAGE_STANDARD = gnu11;
				GCC_DYNAMIC_NO_PIC = NO;
				GCC_NO_COMMON_BLOCKS = YES;
				GCC_OPTIMIZATION_LEVEL = 0;
				GCC_PREPROCESSOR_DEFINITIONS = (
					"DEBUG=1",
					"$(inherited)",
				);
				GCC_WARN_64_TO_32_BIT_CONVERSION = YES;
				GCC_WARN_ABOUT_RETURN_TYPE = YES_ERROR;
				GCC_WARN_UNDECLARED_SELECTOR = YES;
				GCC_WARN_UNINITIALIZED_AUTOS = YES_AGGRESSIVE;
				GCC_WARN_UNUSED_FUNCTION = YES;
				GCC_WARN_UNUSED_VARIABLE = YES;
				IPHONEOS_DEPLOYMENT_TARGET = 16.2;
				MTL_ENABLE_DEBUG_INFO = INCLUDE_SOURCE;
				MTL_FAST_MATH = YES;
				ONLY_ACTIVE_ARCH = YES;
				SDKROOT = iphoneos;
				SWIFT_ACTIVE_COMPILATION_CONDITIONS = DEBUG;
				SWIFT_OPTIMIZATION_LEVEL = "-Onone";
			};
			name = Debug;
		};
		35A9141629C33C13009E135F /* Release */ = {
			isa = XCBuildConfiguration;
			buildSettings = {
				ALWAYS_SEARCH_USER_PATHS = NO;
				CLANG_ANALYZER_NONNULL = YES;
				CLANG_ANALYZER_NUMBER_OBJECT_CONVERSION = YES_AGGRESSIVE;
				CLANG_CXX_LANGUAGE_STANDARD = "gnu++20";
				CLANG_ENABLE_MODULES = YES;
				CLANG_ENABLE_OBJC_ARC = YES;
				CLANG_ENABLE_OBJC_WEAK = YES;
				CLANG_WARN_BLOCK_CAPTURE_AUTORELEASING = YES;
				CLANG_WARN_BOOL_CONVERSION = YES;
				CLANG_WARN_COMMA = YES;
				CLANG_WARN_CONSTANT_CONVERSION = YES;
				CLANG_WARN_DEPRECATED_OBJC_IMPLEMENTATIONS = YES;
				CLANG_WARN_DIRECT_OBJC_ISA_USAGE = YES_ERROR;
				CLANG_WARN_DOCUMENTATION_COMMENTS = YES;
				CLANG_WARN_EMPTY_BODY = YES;
				CLANG_WARN_ENUM_CONVERSION = YES;
				CLANG_WARN_INFINITE_RECURSION = YES;
				CLANG_WARN_INT_CONVERSION = YES;
				CLANG_WARN_NON_LITERAL_NULL_CONVERSION = YES;
				CLANG_WARN_OBJC_IMPLICIT_RETAIN_SELF = YES;
				CLANG_WARN_OBJC_LITERAL_CONVERSION = YES;
				CLANG_WARN_OBJC_ROOT_CLASS = YES_ERROR;
				CLANG_WARN_QUOTED_INCLUDE_IN_FRAMEWORK_HEADER = YES;
				CLANG_WARN_RANGE_LOOP_ANALYSIS = YES;
				CLANG_WARN_STRICT_PROTOTYPES = YES;
				CLANG_WARN_SUSPICIOUS_MOVE = YES;
				CLANG_WARN_UNGUARDED_AVAILABILITY = YES_AGGRESSIVE;
				CLANG_WARN_UNREACHABLE_CODE = YES;
				CLANG_WARN__DUPLICATE_METHOD_MATCH = YES;
				COPY_PHASE_STRIP = NO;
				DEBUG_INFORMATION_FORMAT = "dwarf-with-dsym";
				ENABLE_NS_ASSERTIONS = NO;
				ENABLE_STRICT_OBJC_MSGSEND = YES;
				GCC_C_LANGUAGE_STANDARD = gnu11;
				GCC_NO_COMMON_BLOCKS = YES;
				GCC_WARN_64_TO_32_BIT_CONVERSION = YES;
				GCC_WARN_ABOUT_RETURN_TYPE = YES_ERROR;
				GCC_WARN_UNDECLARED_SELECTOR = YES;
				GCC_WARN_UNINITIALIZED_AUTOS = YES_AGGRESSIVE;
				GCC_WARN_UNUSED_FUNCTION = YES;
				GCC_WARN_UNUSED_VARIABLE = YES;
				IPHONEOS_DEPLOYMENT_TARGET = 16.2;
				MTL_ENABLE_DEBUG_INFO = NO;
				MTL_FAST_MATH = YES;
				SDKROOT = iphoneos;
				SWIFT_COMPILATION_MODE = wholemodule;
				SWIFT_OPTIMIZATION_LEVEL = "-O";
				VALIDATE_PRODUCT = YES;
			};
			name = Release;
		};
		35A9141829C33C13009E135F /* Debug */ = {
			isa = XCBuildConfiguration;
			buildSettings = {
				ASSETCATALOG_COMPILER_APPICON_NAME = AppIcon;
				ASSETCATALOG_COMPILER_GLOBAL_ACCENT_COLOR_NAME = AccentColor;
				CODE_SIGN_STYLE = Automatic;
				CURRENT_PROJECT_VERSION = 1;
				DEVELOPMENT_ASSET_PATHS = "\"Swift_PA_TaskManager/Preview Content\"";
				ENABLE_PREVIEWS = YES;
				GENERATE_INFOPLIST_FILE = YES;
				INFOPLIST_KEY_UIApplicationSceneManifest_Generation = YES;
				INFOPLIST_KEY_UIApplicationSupportsIndirectInputEvents = YES;
				INFOPLIST_KEY_UILaunchScreen_Generation = YES;
				INFOPLIST_KEY_UISupportedInterfaceOrientations_iPad = "UIInterfaceOrientationPortrait UIInterfaceOrientationPortraitUpsideDown UIInterfaceOrientationLandscapeLeft UIInterfaceOrientationLandscapeRight";
				INFOPLIST_KEY_UISupportedInterfaceOrientations_iPhone = "UIInterfaceOrientationPortrait UIInterfaceOrientationLandscapeLeft UIInterfaceOrientationLandscapeRight";
				LD_RUNPATH_SEARCH_PATHS = (
					"$(inherited)",
					"@executable_path/Frameworks",
				);
				MARKETING_VERSION = 1.0;
				PRODUCT_BUNDLE_IDENTIFIER = "de.syntax-institut.Swift-PA-TaskManager";
				PRODUCT_NAME = "$(TARGET_NAME)";
				SWIFT_EMIT_LOC_STRINGS = YES;
				SWIFT_VERSION = 5.0;
				TARGETED_DEVICE_FAMILY = "1,2";
			};
			name = Debug;
		};
		35A9141929C33C13009E135F /* Release */ = {
			isa = XCBuildConfiguration;
			buildSettings = {
				ASSETCATALOG_COMPILER_APPICON_NAME = AppIcon;
				ASSETCATALOG_COMPILER_GLOBAL_ACCENT_COLOR_NAME = AccentColor;
				CODE_SIGN_STYLE = Automatic;
				CURRENT_PROJECT_VERSION = 1;
				DEVELOPMENT_ASSET_PATHS = "\"Swift_PA_TaskManager/Preview Content\"";
				ENABLE_PREVIEWS = YES;
				GENERATE_INFOPLIST_FILE = YES;
				INFOPLIST_KEY_UIApplicationSceneManifest_Generation = YES;
				INFOPLIST_KEY_UIApplicationSupportsIndirectInputEvents = YES;
				INFOPLIST_KEY_UILaunchScreen_Generation = YES;
				INFOPLIST_KEY_UISupportedInterfaceOrientations_iPad = "UIInterfaceOrientationPortrait UIInterfaceOrientationPortraitUpsideDown UIInterfaceOrientationLandscapeLeft UIInterfaceOrientationLandscapeRight";
				INFOPLIST_KEY_UISupportedInterfaceOrientations_iPhone = "UIInterfaceOrientationPortrait UIInterfaceOrientationLandscapeLeft UIInterfaceOrientationLandscapeRight";
				LD_RUNPATH_SEARCH_PATHS = (
					"$(inherited)",
					"@executable_path/Frameworks",
				);
				MARKETING_VERSION = 1.0;
				PRODUCT_BUNDLE_IDENTIFIER = "de.syntax-institut.Swift-PA-TaskManager";
				PRODUCT_NAME = "$(TARGET_NAME)";
				SWIFT_EMIT_LOC_STRINGS = YES;
				SWIFT_VERSION = 5.0;
				TARGETED_DEVICE_FAMILY = "1,2";
			};
			name = Release;
		};
/* End XCBuildConfiguration section */

/* Begin XCConfigurationList section */
		35A9140429C33C11009E135F /* Build configuration list for PBXProject "Swift_PA_TaskManager" */ = {
			isa = XCConfigurationList;
			buildConfigurations = (
				35A9141529C33C13009E135F /* Debug */,
				35A9141629C33C13009E135F /* Release */,
			);
			defaultConfigurationIsVisible = 0;
			defaultConfigurationName = Release;
		};
		35A9141729C33C13009E135F /* Build configuration list for PBXNativeTarget "Swift_PA_TaskManager" */ = {
			isa = XCConfigurationList;
			buildConfigurations = (
				35A9141829C33C13009E135F /* Debug */,
				35A9141929C33C13009E135F /* Release */,
			);
			defaultConfigurationIsVisible = 0;
			defaultConfigurationName = Release;
		};
/* End XCConfigurationList section */
	};
	rootObject = 35A9140129C33C11009E135F /* Project object */;
}
